// !$*UTF8*$!
{
	archiveVersion = 1;
	classes = {
	};
	objectVersion = 50;
	objects = {

/* Begin PBXBuildFile section */
		4766BBDF22FE723D0018DC8A /* AppDelegate.swift in Sources */ = {isa = PBXBuildFile; fileRef = 4766BBDE22FE723D0018DC8A /* AppDelegate.swift */; };
		4766BBE422FE723D0018DC8A /* Main.storyboard in Resources */ = {isa = PBXBuildFile; fileRef = 4766BBE222FE723D0018DC8A /* Main.storyboard */; };
		4766BBE722FE723D0018DC8A /* Entertainment.xcdatamodeld in Sources */ = {isa = PBXBuildFile; fileRef = 4766BBE522FE723D0018DC8A /* Entertainment.xcdatamodeld */; };
		4766BBE922FE723E0018DC8A /* Assets.xcassets in Resources */ = {isa = PBXBuildFile; fileRef = 4766BBE822FE723E0018DC8A /* Assets.xcassets */; };
		4766BBEC22FE723E0018DC8A /* LaunchScreen.storyboard in Resources */ = {isa = PBXBuildFile; fileRef = 4766BBEA22FE723E0018DC8A /* LaunchScreen.storyboard */; };
		4766BBF722FE723E0018DC8A /* EntertainmentTests.swift in Sources */ = {isa = PBXBuildFile; fileRef = 4766BBF622FE723E0018DC8A /* EntertainmentTests.swift */; };
		4766BC0222FE723E0018DC8A /* EntertainmentUITests.swift in Sources */ = {isa = PBXBuildFile; fileRef = 4766BC0122FE723E0018DC8A /* EntertainmentUITests.swift */; };
		4766BC1B22FE89230018DC8A /* HomeInteractor.swift in Sources */ = {isa = PBXBuildFile; fileRef = 4766BC1622FE89230018DC8A /* HomeInteractor.swift */; };
		4766BC1C22FE89230018DC8A /* HomePresenter.swift in Sources */ = {isa = PBXBuildFile; fileRef = 4766BC1722FE89230018DC8A /* HomePresenter.swift */; };
		4766BC1D22FE89230018DC8A /* HomeRouter.swift in Sources */ = {isa = PBXBuildFile; fileRef = 4766BC1822FE89230018DC8A /* HomeRouter.swift */; };
		4766BC1E22FE89230018DC8A /* HomeConfigurator.swift in Sources */ = {isa = PBXBuildFile; fileRef = 4766BC1922FE89230018DC8A /* HomeConfigurator.swift */; };
		4766BC1F22FE89230018DC8A /* HomeController.swift in Sources */ = {isa = PBXBuildFile; fileRef = 4766BC1A22FE89230018DC8A /* HomeController.swift */; };
		4766BC2522FE89440018DC8A /* DetailConfigurator.swift in Sources */ = {isa = PBXBuildFile; fileRef = 4766BC2022FE89440018DC8A /* DetailConfigurator.swift */; };
		4766BC2622FE89440018DC8A /* DetailRouter.swift in Sources */ = {isa = PBXBuildFile; fileRef = 4766BC2122FE89440018DC8A /* DetailRouter.swift */; };
		4766BC2722FE89440018DC8A /* DetailPresenter.swift in Sources */ = {isa = PBXBuildFile; fileRef = 4766BC2222FE89440018DC8A /* DetailPresenter.swift */; };
		4766BC2822FE89440018DC8A /* DetailInteractor.swift in Sources */ = {isa = PBXBuildFile; fileRef = 4766BC2322FE89440018DC8A /* DetailInteractor.swift */; };
		4766BC2922FE89440018DC8A /* DetailController.swift in Sources */ = {isa = PBXBuildFile; fileRef = 4766BC2422FE89440018DC8A /* DetailController.swift */; };
		4766BC2F22FE895C0018DC8A /* SearchRouter.swift in Sources */ = {isa = PBXBuildFile; fileRef = 4766BC2A22FE895C0018DC8A /* SearchRouter.swift */; };
		4766BC3022FE895C0018DC8A /* SearchConfigurator.swift in Sources */ = {isa = PBXBuildFile; fileRef = 4766BC2B22FE895C0018DC8A /* SearchConfigurator.swift */; };
		4766BC3122FE895C0018DC8A /* SearchController.swift in Sources */ = {isa = PBXBuildFile; fileRef = 4766BC2C22FE895C0018DC8A /* SearchController.swift */; };
		4766BC3222FE895C0018DC8A /* SearchInteractor.swift in Sources */ = {isa = PBXBuildFile; fileRef = 4766BC2D22FE895C0018DC8A /* SearchInteractor.swift */; };
		4766BC3322FE895C0018DC8A /* SearchPresenter.swift in Sources */ = {isa = PBXBuildFile; fileRef = 4766BC2E22FE895C0018DC8A /* SearchPresenter.swift */; };
		4766BC3522FE8D170018DC8A /* ViewData.swift in Sources */ = {isa = PBXBuildFile; fileRef = 4766BC3422FE8D170018DC8A /* ViewData.swift */; };
/* End PBXBuildFile section */

/* Begin PBXContainerItemProxy section */
		4766BBF322FE723E0018DC8A /* PBXContainerItemProxy */ = {
			isa = PBXContainerItemProxy;
			containerPortal = 4766BBD322FE723C0018DC8A /* Project object */;
			proxyType = 1;
			remoteGlobalIDString = 4766BBDA22FE723C0018DC8A;
			remoteInfo = Entertainment;
		};
		4766BBFE22FE723E0018DC8A /* PBXContainerItemProxy */ = {
			isa = PBXContainerItemProxy;
			containerPortal = 4766BBD322FE723C0018DC8A /* Project object */;
			proxyType = 1;
			remoteGlobalIDString = 4766BBDA22FE723C0018DC8A;
			remoteInfo = Entertainment;
		};
/* End PBXContainerItemProxy section */

/* Begin PBXFileReference section */
		4766BBDB22FE723D0018DC8A /* Entertainment.app */ = {isa = PBXFileReference; explicitFileType = wrapper.application; includeInIndex = 0; path = Entertainment.app; sourceTree = BUILT_PRODUCTS_DIR; };
		4766BBDE22FE723D0018DC8A /* AppDelegate.swift */ = {isa = PBXFileReference; lastKnownFileType = sourcecode.swift; path = AppDelegate.swift; sourceTree = "<group>"; };
		4766BBE322FE723D0018DC8A /* Base */ = {isa = PBXFileReference; lastKnownFileType = file.storyboard; name = Base; path = Base.lproj/Main.storyboard; sourceTree = "<group>"; };
		4766BBE622FE723D0018DC8A /* Entertainment.xcdatamodel */ = {isa = PBXFileReference; lastKnownFileType = wrapper.xcdatamodel; path = Entertainment.xcdatamodel; sourceTree = "<group>"; };
		4766BBE822FE723E0018DC8A /* Assets.xcassets */ = {isa = PBXFileReference; lastKnownFileType = folder.assetcatalog; path = Assets.xcassets; sourceTree = "<group>"; };
		4766BBEB22FE723E0018DC8A /* Base */ = {isa = PBXFileReference; lastKnownFileType = file.storyboard; name = Base; path = Base.lproj/LaunchScreen.storyboard; sourceTree = "<group>"; };
		4766BBED22FE723E0018DC8A /* Info.plist */ = {isa = PBXFileReference; lastKnownFileType = text.plist.xml; path = Info.plist; sourceTree = "<group>"; };
		4766BBF222FE723E0018DC8A /* EntertainmentTests.xctest */ = {isa = PBXFileReference; explicitFileType = wrapper.cfbundle; includeInIndex = 0; path = EntertainmentTests.xctest; sourceTree = BUILT_PRODUCTS_DIR; };
		4766BBF622FE723E0018DC8A /* EntertainmentTests.swift */ = {isa = PBXFileReference; lastKnownFileType = sourcecode.swift; path = EntertainmentTests.swift; sourceTree = "<group>"; };
		4766BBF822FE723E0018DC8A /* Info.plist */ = {isa = PBXFileReference; lastKnownFileType = text.plist.xml; path = Info.plist; sourceTree = "<group>"; };
		4766BBFD22FE723E0018DC8A /* EntertainmentUITests.xctest */ = {isa = PBXFileReference; explicitFileType = wrapper.cfbundle; includeInIndex = 0; path = EntertainmentUITests.xctest; sourceTree = BUILT_PRODUCTS_DIR; };
		4766BC0122FE723E0018DC8A /* EntertainmentUITests.swift */ = {isa = PBXFileReference; lastKnownFileType = sourcecode.swift; path = EntertainmentUITests.swift; sourceTree = "<group>"; };
		4766BC0322FE723E0018DC8A /* Info.plist */ = {isa = PBXFileReference; lastKnownFileType = text.plist.xml; path = Info.plist; sourceTree = "<group>"; };
		4766BC1622FE89230018DC8A /* HomeInteractor.swift */ = {isa = PBXFileReference; fileEncoding = 4; lastKnownFileType = sourcecode.swift; path = HomeInteractor.swift; sourceTree = "<group>"; };
		4766BC1722FE89230018DC8A /* HomePresenter.swift */ = {isa = PBXFileReference; fileEncoding = 4; lastKnownFileType = sourcecode.swift; path = HomePresenter.swift; sourceTree = "<group>"; };
		4766BC1822FE89230018DC8A /* HomeRouter.swift */ = {isa = PBXFileReference; fileEncoding = 4; lastKnownFileType = sourcecode.swift; path = HomeRouter.swift; sourceTree = "<group>"; };
		4766BC1922FE89230018DC8A /* HomeConfigurator.swift */ = {isa = PBXFileReference; fileEncoding = 4; lastKnownFileType = sourcecode.swift; path = HomeConfigurator.swift; sourceTree = "<group>"; };
		4766BC1A22FE89230018DC8A /* HomeController.swift */ = {isa = PBXFileReference; fileEncoding = 4; lastKnownFileType = sourcecode.swift; path = HomeController.swift; sourceTree = "<group>"; };
		4766BC2022FE89440018DC8A /* DetailConfigurator.swift */ = {isa = PBXFileReference; fileEncoding = 4; lastKnownFileType = sourcecode.swift; path = DetailConfigurator.swift; sourceTree = "<group>"; };
		4766BC2122FE89440018DC8A /* DetailRouter.swift */ = {isa = PBXFileReference; fileEncoding = 4; lastKnownFileType = sourcecode.swift; path = DetailRouter.swift; sourceTree = "<group>"; };
		4766BC2222FE89440018DC8A /* DetailPresenter.swift */ = {isa = PBXFileReference; fileEncoding = 4; lastKnownFileType = sourcecode.swift; path = DetailPresenter.swift; sourceTree = "<group>"; };
		4766BC2322FE89440018DC8A /* DetailInteractor.swift */ = {isa = PBXFileReference; fileEncoding = 4; lastKnownFileType = sourcecode.swift; path = DetailInteractor.swift; sourceTree = "<group>"; };
		4766BC2422FE89440018DC8A /* DetailController.swift */ = {isa = PBXFileReference; fileEncoding = 4; lastKnownFileType = sourcecode.swift; path = DetailController.swift; sourceTree = "<group>"; };
		4766BC2A22FE895C0018DC8A /* SearchRouter.swift */ = {isa = PBXFileReference; fileEncoding = 4; lastKnownFileType = sourcecode.swift; path = SearchRouter.swift; sourceTree = "<group>"; };
		4766BC2B22FE895C0018DC8A /* SearchConfigurator.swift */ = {isa = PBXFileReference; fileEncoding = 4; lastKnownFileType = sourcecode.swift; path = SearchConfigurator.swift; sourceTree = "<group>"; };
		4766BC2C22FE895C0018DC8A /* SearchController.swift */ = {isa = PBXFileReference; fileEncoding = 4; lastKnownFileType = sourcecode.swift; path = SearchController.swift; sourceTree = "<group>"; };
		4766BC2D22FE895C0018DC8A /* SearchInteractor.swift */ = {isa = PBXFileReference; fileEncoding = 4; lastKnownFileType = sourcecode.swift; path = SearchInteractor.swift; sourceTree = "<group>"; };
		4766BC2E22FE895C0018DC8A /* SearchPresenter.swift */ = {isa = PBXFileReference; fileEncoding = 4; lastKnownFileType = sourcecode.swift; path = SearchPresenter.swift; sourceTree = "<group>"; };
		4766BC3422FE8D170018DC8A /* ViewData.swift */ = {isa = PBXFileReference; fileEncoding = 4; lastKnownFileType = sourcecode.swift; path = ViewData.swift; sourceTree = "<group>"; };
/* End PBXFileReference section */

/* Begin PBXFrameworksBuildPhase section */
		4766BBD822FE723C0018DC8A /* Frameworks */ = {
			isa = PBXFrameworksBuildPhase;
			buildActionMask = 2147483647;
			files = (
			);
			runOnlyForDeploymentPostprocessing = 0;
		};
		4766BBEF22FE723E0018DC8A /* Frameworks */ = {
			isa = PBXFrameworksBuildPhase;
			buildActionMask = 2147483647;
			files = (
			);
			runOnlyForDeploymentPostprocessing = 0;
		};
		4766BBFA22FE723E0018DC8A /* Frameworks */ = {
			isa = PBXFrameworksBuildPhase;
			buildActionMask = 2147483647;
			files = (
			);
			runOnlyForDeploymentPostprocessing = 0;
		};
/* End PBXFrameworksBuildPhase section */

/* Begin PBXGroup section */
		4766BBD222FE723C0018DC8A = {
			isa = PBXGroup;
			children = (
				4766BBDD22FE723D0018DC8A /* Entertainment */,
				4766BBF522FE723E0018DC8A /* EntertainmentTests */,
				4766BC0022FE723E0018DC8A /* EntertainmentUITests */,
				4766BBDC22FE723D0018DC8A /* Products */,
			);
			sourceTree = "<group>";
		};
		4766BBDC22FE723D0018DC8A /* Products */ = {
			isa = PBXGroup;
			children = (
				4766BBDB22FE723D0018DC8A /* Entertainment.app */,
				4766BBF222FE723E0018DC8A /* EntertainmentTests.xctest */,
				4766BBFD22FE723E0018DC8A /* EntertainmentUITests.xctest */,
			);
			name = Products;
			sourceTree = "<group>";
		};
		4766BBDD22FE723D0018DC8A /* Entertainment */ = {
			isa = PBXGroup;
			children = (
				4766BBED22FE723E0018DC8A /* Info.plist */,
				4766BBDE22FE723D0018DC8A /* AppDelegate.swift */,
				4766BBE522FE723D0018DC8A /* Entertainment.xcdatamodeld */,
				4766BBE822FE723E0018DC8A /* Assets.xcassets */,
				4766BC0F22FE74090018DC8A /* Networking */,
				4766BC1022FE74150018DC8A /* ViewData */,
				4766BC1122FE74200018DC8A /* Presentation */,
				4766BC1222FE742E0018DC8A /* Storyboards */,
			);
			path = Entertainment;
			sourceTree = "<group>";
		};
		4766BBF522FE723E0018DC8A /* EntertainmentTests */ = {
			isa = PBXGroup;
			children = (
				4766BBF622FE723E0018DC8A /* EntertainmentTests.swift */,
				4766BBF822FE723E0018DC8A /* Info.plist */,
			);
			path = EntertainmentTests;
			sourceTree = "<group>";
		};
		4766BC0022FE723E0018DC8A /* EntertainmentUITests */ = {
			isa = PBXGroup;
			children = (
				4766BC0122FE723E0018DC8A /* EntertainmentUITests.swift */,
				4766BC0322FE723E0018DC8A /* Info.plist */,
			);
			path = EntertainmentUITests;
			sourceTree = "<group>";
		};
		4766BC0F22FE74090018DC8A /* Networking */ = {
			isa = PBXGroup;
			children = (
			);
			path = Networking;
			sourceTree = "<group>";
		};
		4766BC1022FE74150018DC8A /* ViewData */ = {
			isa = PBXGroup;
			children = (
				4766BC3422FE8D170018DC8A /* ViewData.swift */,
			);
			path = ViewData;
			sourceTree = "<group>";
		};
		4766BC1122FE74200018DC8A /* Presentation */ = {
			isa = PBXGroup;
			children = (
				4766BC1322FE832A0018DC8A /* Home */,
				4766BC1422FE836A0018DC8A /* Detail */,
				4766BC1522FE837A0018DC8A /* Search */,
			);
			path = Presentation;
			sourceTree = "<group>";
		};
		4766BC1222FE742E0018DC8A /* Storyboards */ = {
			isa = PBXGroup;
			children = (
				4766BBE222FE723D0018DC8A /* Main.storyboard */,
				4766BBEA22FE723E0018DC8A /* LaunchScreen.storyboard */,
			);
			path = Storyboards;
			sourceTree = "<group>";
		};
		4766BC1322FE832A0018DC8A /* Home */ = {
			isa = PBXGroup;
			children = (
				4766BC1A22FE89230018DC8A /* HomeController.swift */,
				4766BC1922FE89230018DC8A /* HomeConfigurator.swift */,
				4766BC1722FE89230018DC8A /* HomePresenter.swift */,
				4766BC1622FE89230018DC8A /* HomeInteractor.swift */,
				4766BC1822FE89230018DC8A /* HomeRouter.swift */,
			);
			path = Home;
			sourceTree = "<group>";
		};
		4766BC1422FE836A0018DC8A /* Detail */ = {
			isa = PBXGroup;
			children = (
				4766BC2422FE89440018DC8A /* DetailController.swift */,
				4766BC2022FE89440018DC8A /* DetailConfigurator.swift */,
				4766BC2222FE89440018DC8A /* DetailPresenter.swift */,
				4766BC2322FE89440018DC8A /* DetailInteractor.swift */,
				4766BC2122FE89440018DC8A /* DetailRouter.swift */,
			);
			path = Detail;
			sourceTree = "<group>";
		};
		4766BC1522FE837A0018DC8A /* Search */ = {
			isa = PBXGroup;
			children = (
				4766BC2C22FE895C0018DC8A /* SearchController.swift */,
				4766BC2B22FE895C0018DC8A /* SearchConfigurator.swift */,
				4766BC2E22FE895C0018DC8A /* SearchPresenter.swift */,
				4766BC2D22FE895C0018DC8A /* SearchInteractor.swift */,
				4766BC2A22FE895C0018DC8A /* SearchRouter.swift */,
			);
			path = Search;
			sourceTree = "<group>";
		};
/* End PBXGroup section */

/* Begin PBXNativeTarget section */
		4766BBDA22FE723C0018DC8A /* Entertainment */ = {
			isa = PBXNativeTarget;
			buildConfigurationList = 4766BC0622FE723E0018DC8A /* Build configuration list for PBXNativeTarget "Entertainment" */;
			buildPhases = (
				4766BBD722FE723C0018DC8A /* Sources */,
				4766BBD822FE723C0018DC8A /* Frameworks */,
				4766BBD922FE723C0018DC8A /* Resources */,
			);
			buildRules = (
			);
			dependencies = (
			);
			name = Entertainment;
			productName = Entertainment;
			productReference = 4766BBDB22FE723D0018DC8A /* Entertainment.app */;
			productType = "com.apple.product-type.application";
		};
		4766BBF122FE723E0018DC8A /* EntertainmentTests */ = {
			isa = PBXNativeTarget;
			buildConfigurationList = 4766BC0922FE723E0018DC8A /* Build configuration list for PBXNativeTarget "EntertainmentTests" */;
			buildPhases = (
				4766BBEE22FE723E0018DC8A /* Sources */,
				4766BBEF22FE723E0018DC8A /* Frameworks */,
				4766BBF022FE723E0018DC8A /* Resources */,
			);
			buildRules = (
			);
			dependencies = (
				4766BBF422FE723E0018DC8A /* PBXTargetDependency */,
			);
			name = EntertainmentTests;
			productName = EntertainmentTests;
			productReference = 4766BBF222FE723E0018DC8A /* EntertainmentTests.xctest */;
			productType = "com.apple.product-type.bundle.unit-test";
		};
		4766BBFC22FE723E0018DC8A /* EntertainmentUITests */ = {
			isa = PBXNativeTarget;
			buildConfigurationList = 4766BC0C22FE723E0018DC8A /* Build configuration list for PBXNativeTarget "EntertainmentUITests" */;
			buildPhases = (
				4766BBF922FE723E0018DC8A /* Sources */,
				4766BBFA22FE723E0018DC8A /* Frameworks */,
				4766BBFB22FE723E0018DC8A /* Resources */,
			);
			buildRules = (
			);
			dependencies = (
				4766BBFF22FE723E0018DC8A /* PBXTargetDependency */,
			);
			name = EntertainmentUITests;
			productName = EntertainmentUITests;
			productReference = 4766BBFD22FE723E0018DC8A /* EntertainmentUITests.xctest */;
			productType = "com.apple.product-type.bundle.ui-testing";
		};
/* End PBXNativeTarget section */

/* Begin PBXProject section */
		4766BBD322FE723C0018DC8A /* Project object */ = {
			isa = PBXProject;
			attributes = {
				LastSwiftUpdateCheck = 1010;
				LastUpgradeCheck = 1010;
				ORGANIZATIONNAME = Fernando;
				TargetAttributes = {
					4766BBDA22FE723C0018DC8A = {
						CreatedOnToolsVersion = 10.1;
					};
					4766BBF122FE723E0018DC8A = {
						CreatedOnToolsVersion = 10.1;
						TestTargetID = 4766BBDA22FE723C0018DC8A;
					};
					4766BBFC22FE723E0018DC8A = {
						CreatedOnToolsVersion = 10.1;
						TestTargetID = 4766BBDA22FE723C0018DC8A;
					};
				};
			};
			buildConfigurationList = 4766BBD622FE723C0018DC8A /* Build configuration list for PBXProject "Entertainment" */;
			compatibilityVersion = "Xcode 9.3";
			developmentRegion = en;
			hasScannedForEncodings = 0;
			knownRegions = (
				en,
				Base,
			);
			mainGroup = 4766BBD222FE723C0018DC8A;
			productRefGroup = 4766BBDC22FE723D0018DC8A /* Products */;
			projectDirPath = "";
			projectRoot = "";
			targets = (
				4766BBDA22FE723C0018DC8A /* Entertainment */,
				4766BBF122FE723E0018DC8A /* EntertainmentTests */,
				4766BBFC22FE723E0018DC8A /* EntertainmentUITests */,
			);
		};
/* End PBXProject section */

/* Begin PBXResourcesBuildPhase section */
		4766BBD922FE723C0018DC8A /* Resources */ = {
			isa = PBXResourcesBuildPhase;
			buildActionMask = 2147483647;
			files = (
				4766BBEC22FE723E0018DC8A /* LaunchScreen.storyboard in Resources */,
				4766BBE922FE723E0018DC8A /* Assets.xcassets in Resources */,
				4766BBE422FE723D0018DC8A /* Main.storyboard in Resources */,
			);
			runOnlyForDeploymentPostprocessing = 0;
		};
		4766BBF022FE723E0018DC8A /* Resources */ = {
			isa = PBXResourcesBuildPhase;
			buildActionMask = 2147483647;
			files = (
			);
			runOnlyForDeploymentPostprocessing = 0;
		};
		4766BBFB22FE723E0018DC8A /* Resources */ = {
			isa = PBXResourcesBuildPhase;
			buildActionMask = 2147483647;
			files = (
			);
			runOnlyForDeploymentPostprocessing = 0;
		};
/* End PBXResourcesBuildPhase section */

/* Begin PBXSourcesBuildPhase section */
		4766BBD722FE723C0018DC8A /* Sources */ = {
			isa = PBXSourcesBuildPhase;
			buildActionMask = 2147483647;
			files = (
				4766BC1B22FE89230018DC8A /* HomeInteractor.swift in Sources */,
				4766BC3122FE895C0018DC8A /* SearchController.swift in Sources */,
				4766BC3222FE895C0018DC8A /* SearchInteractor.swift in Sources */,
				4766BC2822FE89440018DC8A /* DetailInteractor.swift in Sources */,
				4766BC3522FE8D170018DC8A /* ViewData.swift in Sources */,
				4766BC2522FE89440018DC8A /* DetailConfigurator.swift in Sources */,
				4766BBDF22FE723D0018DC8A /* AppDelegate.swift in Sources */,
				4766BC2922FE89440018DC8A /* DetailController.swift in Sources */,
				4766BC2722FE89440018DC8A /* DetailPresenter.swift in Sources */,
				4766BC1F22FE89230018DC8A /* HomeController.swift in Sources */,
				4766BBE722FE723D0018DC8A /* Entertainment.xcdatamodeld in Sources */,
				4766BC3022FE895C0018DC8A /* SearchConfigurator.swift in Sources */,
				4766BC1E22FE89230018DC8A /* HomeConfigurator.swift in Sources */,
				4766BC2622FE89440018DC8A /* DetailRouter.swift in Sources */,
				4766BC1C22FE89230018DC8A /* HomePresenter.swift in Sources */,
				4766BC3322FE895C0018DC8A /* SearchPresenter.swift in Sources */,
				4766BC1D22FE89230018DC8A /* HomeRouter.swift in Sources */,
				4766BC2F22FE895C0018DC8A /* SearchRouter.swift in Sources */,
			);
			runOnlyForDeploymentPostprocessing = 0;
		};
		4766BBEE22FE723E0018DC8A /* Sources */ = {
			isa = PBXSourcesBuildPhase;
			buildActionMask = 2147483647;
			files = (
				4766BBF722FE723E0018DC8A /* EntertainmentTests.swift in Sources */,
			);
			runOnlyForDeploymentPostprocessing = 0;
		};
		4766BBF922FE723E0018DC8A /* Sources */ = {
			isa = PBXSourcesBuildPhase;
			buildActionMask = 2147483647;
			files = (
				4766BC0222FE723E0018DC8A /* EntertainmentUITests.swift in Sources */,
			);
			runOnlyForDeploymentPostprocessing = 0;
		};
/* End PBXSourcesBuildPhase section */

/* Begin PBXTargetDependency section */
		4766BBF422FE723E0018DC8A /* PBXTargetDependency */ = {
			isa = PBXTargetDependency;
			target = 4766BBDA22FE723C0018DC8A /* Entertainment */;
			targetProxy = 4766BBF322FE723E0018DC8A /* PBXContainerItemProxy */;
		};
		4766BBFF22FE723E0018DC8A /* PBXTargetDependency */ = {
			isa = PBXTargetDependency;
			target = 4766BBDA22FE723C0018DC8A /* Entertainment */;
			targetProxy = 4766BBFE22FE723E0018DC8A /* PBXContainerItemProxy */;
		};
/* End PBXTargetDependency section */

/* Begin PBXVariantGroup section */
		4766BBE222FE723D0018DC8A /* Main.storyboard */ = {
			isa = PBXVariantGroup;
			children = (
				4766BBE322FE723D0018DC8A /* Base */,
			);
			name = Main.storyboard;
			sourceTree = "<group>";
		};
		4766BBEA22FE723E0018DC8A /* LaunchScreen.storyboard */ = {
			isa = PBXVariantGroup;
			children = (
				4766BBEB22FE723E0018DC8A /* Base */,
			);
			name = LaunchScreen.storyboard;
			sourceTree = "<group>";
		};
/* End PBXVariantGroup section */

/* Begin XCBuildConfiguration section */
		4766BC0422FE723E0018DC8A /* Debug */ = {
			isa = XCBuildConfiguration;
			buildSettings = {
				ALWAYS_SEARCH_USER_PATHS = NO;
				CLANG_ANALYZER_NONNULL = YES;
				CLANG_ANALYZER_NUMBER_OBJECT_CONVERSION = YES_AGGRESSIVE;
				CLANG_CXX_LANGUAGE_STANDARD = "gnu++14";
				CLANG_CXX_LIBRARY = "libc++";
				CLANG_ENABLE_MODULES = YES;
				CLANG_ENABLE_OBJC_ARC = YES;
				CLANG_ENABLE_OBJC_WEAK = YES;
				CLANG_WARN_BLOCK_CAPTURE_AUTORELEASING = YES;
				CLANG_WARN_BOOL_CONVERSION = YES;
				CLANG_WARN_COMMA = YES;
				CLANG_WARN_CONSTANT_CONVERSION = YES;
				CLANG_WARN_DEPRECATED_OBJC_IMPLEMENTATIONS = YES;
				CLANG_WARN_DIRECT_OBJC_ISA_USAGE = YES_ERROR;
				CLANG_WARN_DOCUMENTATION_COMMENTS = YES;
				CLANG_WARN_EMPTY_BODY = YES;
				CLANG_WARN_ENUM_CONVERSION = YES;
				CLANG_WARN_INFINITE_RECURSION = YES;
				CLANG_WARN_INT_CONVERSION = YES;
				CLANG_WARN_NON_LITERAL_NULL_CONVERSION = YES;
				CLANG_WARN_OBJC_IMPLICIT_RETAIN_SELF = YES;
				CLANG_WARN_OBJC_LITERAL_CONVERSION = YES;
				CLANG_WARN_OBJC_ROOT_CLASS = YES_ERROR;
				CLANG_WARN_RANGE_LOOP_ANALYSIS = YES;
				CLANG_WARN_STRICT_PROTOTYPES = YES;
				CLANG_WARN_SUSPICIOUS_MOVE = YES;
				CLANG_WARN_UNGUARDED_AVAILABILITY = YES_AGGRESSIVE;
				CLANG_WARN_UNREACHABLE_CODE = YES;
				CLANG_WARN__DUPLICATE_METHOD_MATCH = YES;
				CODE_SIGN_IDENTITY = "iPhone Developer";
				COPY_PHASE_STRIP = NO;
				DEBUG_INFORMATION_FORMAT = dwarf;
				ENABLE_STRICT_OBJC_MSGSEND = YES;
				ENABLE_TESTABILITY = YES;
				GCC_C_LANGUAGE_STANDARD = gnu11;
				GCC_DYNAMIC_NO_PIC = NO;
				GCC_NO_COMMON_BLOCKS = YES;
				GCC_OPTIMIZATION_LEVEL = 0;
				GCC_PREPROCESSOR_DEFINITIONS = (
					"DEBUG=1",
					"$(inherited)",
				);
				GCC_WARN_64_TO_32_BIT_CONVERSION = YES;
				GCC_WARN_ABOUT_RETURN_TYPE = YES_ERROR;
				GCC_WARN_UNDECLARED_SELECTOR = YES;
				GCC_WARN_UNINITIALIZED_AUTOS = YES_AGGRESSIVE;
				GCC_WARN_UNUSED_FUNCTION = YES;
				GCC_WARN_UNUSED_VARIABLE = YES;
				IPHONEOS_DEPLOYMENT_TARGET = 12.1;
				MTL_ENABLE_DEBUG_INFO = INCLUDE_SOURCE;
				MTL_FAST_MATH = YES;
				ONLY_ACTIVE_ARCH = YES;
				SDKROOT = iphoneos;
				SWIFT_ACTIVE_COMPILATION_CONDITIONS = DEBUG;
				SWIFT_OPTIMIZATION_LEVEL = "-Onone";
			};
			name = Debug;
		};
		4766BC0522FE723E0018DC8A /* Release */ = {
			isa = XCBuildConfiguration;
			buildSettings = {
				ALWAYS_SEARCH_USER_PATHS = NO;
				CLANG_ANALYZER_NONNULL = YES;
				CLANG_ANALYZER_NUMBER_OBJECT_CONVERSION = YES_AGGRESSIVE;
				CLANG_CXX_LANGUAGE_STANDARD = "gnu++14";
				CLANG_CXX_LIBRARY = "libc++";
				CLANG_ENABLE_MODULES = YES;
				CLANG_ENABLE_OBJC_ARC = YES;
				CLANG_ENABLE_OBJC_WEAK = YES;
				CLANG_WARN_BLOCK_CAPTURE_AUTORELEASING = YES;
				CLANG_WARN_BOOL_CONVERSION = YES;
				CLANG_WARN_COMMA = YES;
				CLANG_WARN_CONSTANT_CONVERSION = YES;
				CLANG_WARN_DEPRECATED_OBJC_IMPLEMENTATIONS = YES;
				CLANG_WARN_DIRECT_OBJC_ISA_USAGE = YES_ERROR;
				CLANG_WARN_DOCUMENTATION_COMMENTS = YES;
				CLANG_WARN_EMPTY_BODY = YES;
				CLANG_WARN_ENUM_CONVERSION = YES;
				CLANG_WARN_INFINITE_RECURSION = YES;
				CLANG_WARN_INT_CONVERSION = YES;
				CLANG_WARN_NON_LITERAL_NULL_CONVERSION = YES;
				CLANG_WARN_OBJC_IMPLICIT_RETAIN_SELF = YES;
				CLANG_WARN_OBJC_LITERAL_CONVERSION = YES;
				CLANG_WARN_OBJC_ROOT_CLASS = YES_ERROR;
				CLANG_WARN_RANGE_LOOP_ANALYSIS = YES;
				CLANG_WARN_STRICT_PROTOTYPES = YES;
				CLANG_WARN_SUSPICIOUS_MOVE = YES;
				CLANG_WARN_UNGUARDED_AVAILABILITY = YES_AGGRESSIVE;
				CLANG_WARN_UNREACHABLE_CODE = YES;
				CLANG_WARN__DUPLICATE_METHOD_MATCH = YES;
				CODE_SIGN_IDENTITY = "iPhone Developer";
				COPY_PHASE_STRIP = NO;
				DEBUG_INFORMATION_FORMAT = "dwarf-with-dsym";
				ENABLE_NS_ASSERTIONS = NO;
				ENABLE_STRICT_OBJC_MSGSEND = YES;
				GCC_C_LANGUAGE_STANDARD = gnu11;
				GCC_NO_COMMON_BLOCKS = YES;
				GCC_WARN_64_TO_32_BIT_CONVERSION = YES;
				GCC_WARN_ABOUT_RETURN_TYPE = YES_ERROR;
				GCC_WARN_UNDECLARED_SELECTOR = YES;
				GCC_WARN_UNINITIALIZED_AUTOS = YES_AGGRESSIVE;
				GCC_WARN_UNUSED_FUNCTION = YES;
				GCC_WARN_UNUSED_VARIABLE = YES;
				IPHONEOS_DEPLOYMENT_TARGET = 12.1;
				MTL_ENABLE_DEBUG_INFO = NO;
				MTL_FAST_MATH = YES;
				SDKROOT = iphoneos;
				SWIFT_COMPILATION_MODE = wholemodule;
				SWIFT_OPTIMIZATION_LEVEL = "-O";
				VALIDATE_PRODUCT = YES;
			};
			name = Release;
		};
		4766BC0722FE723E0018DC8A /* Debug */ = {
			isa = XCBuildConfiguration;
			buildSettings = {
				ASSETCATALOG_COMPILER_APPICON_NAME = AppIcon;
				CODE_SIGN_STYLE = Automatic;
				DEVELOPMENT_TEAM = 2BD64E97B6;
				INFOPLIST_FILE = Entertainment/Info.plist;
				LD_RUNPATH_SEARCH_PATHS = (
					"$(inherited)",
					"@executable_path/Frameworks",
				);
				PRODUCT_BUNDLE_IDENTIFIER = mateo.Entertainment;
				PRODUCT_NAME = "$(TARGET_NAME)";
				SWIFT_VERSION = 4.2;
				TARGETED_DEVICE_FAMILY = "1,2";
			};
			name = Debug;
		};
		4766BC0822FE723E0018DC8A /* Release */ = {
			isa = XCBuildConfiguration;
			buildSettings = {
				ASSETCATALOG_COMPILER_APPICON_NAME = AppIcon;
				CODE_SIGN_STYLE = Automatic;
				DEVELOPMENT_TEAM = 2BD64E97B6;
				INFOPLIST_FILE = Entertainment/Info.plist;
				LD_RUNPATH_SEARCH_PATHS = (
					"$(inherited)",
					"@executable_path/Frameworks",
				);
				PRODUCT_BUNDLE_IDENTIFIER = mateo.Entertainment;
				PRODUCT_NAME = "$(TARGET_NAME)";
				SWIFT_VERSION = 4.2;
				TARGETED_DEVICE_FAMILY = "1,2";
			};
			name = Release;
		};
		4766BC0A22FE723E0018DC8A /* Debug */ = {
			isa = XCBuildConfiguration;
			buildSettings = {
				ALWAYS_EMBED_SWIFT_STANDARD_LIBRARIES = YES;
				BUNDLE_LOADER = "$(TEST_HOST)";
				CODE_SIGN_STYLE = Automatic;
				DEVELOPMENT_TEAM = 2BD64E97B6;
				INFOPLIST_FILE = EntertainmentTests/Info.plist;
				LD_RUNPATH_SEARCH_PATHS = (
					"$(inherited)",
					"@executable_path/Frameworks",
					"@loader_path/Frameworks",
				);
				PRODUCT_BUNDLE_IDENTIFIER = mateo.EntertainmentTests;
				PRODUCT_NAME = "$(TARGET_NAME)";
				SWIFT_VERSION = 4.2;
				TARGETED_DEVICE_FAMILY = "1,2";
				TEST_HOST = "$(BUILT_PRODUCTS_DIR)/Entertainment.app/Entertainment";
			};
			name = Debug;
		};
		4766BC0B22FE723E0018DC8A /* Release */ = {
			isa = XCBuildConfiguration;
			buildSettings = {
				ALWAYS_EMBED_SWIFT_STANDARD_LIBRARIES = YES;
				BUNDLE_LOADER = "$(TEST_HOST)";
				CODE_SIGN_STYLE = Automatic;
				DEVELOPMENT_TEAM = 2BD64E97B6;
				INFOPLIST_FILE = EntertainmentTests/Info.plist;
				LD_RUNPATH_SEARCH_PATHS = (
					"$(inherited)",
					"@executable_path/Frameworks",
					"@loader_path/Frameworks",
				);
				PRODUCT_BUNDLE_IDENTIFIER = mateo.EntertainmentTests;
				PRODUCT_NAME = "$(TARGET_NAME)";
				SWIFT_VERSION = 4.2;
				TARGETED_DEVICE_FAMILY = "1,2";
				TEST_HOST = "$(BUILT_PRODUCTS_DIR)/Entertainment.app/Entertainment";
			};
			name = Release;
		};
		4766BC0D22FE723E0018DC8A /* Debug */ = {
			isa = XCBuildConfiguration;
			buildSettings = {
				ALWAYS_EMBED_SWIFT_STANDARD_LIBRARIES = YES;
				CODE_SIGN_STYLE = Automatic;
				DEVELOPMENT_TEAM = 2BD64E97B6;
				INFOPLIST_FILE = EntertainmentUITests/Info.plist;
				LD_RUNPATH_SEARCH_PATHS = (
					"$(inherited)",
					"@executable_path/Frameworks",
					"@loader_path/Frameworks",
				);
				PRODUCT_BUNDLE_IDENTIFIER = mateo.EntertainmentUITests;
				PRODUCT_NAME = "$(TARGET_NAME)";
				SWIFT_VERSION = 4.2;
				TARGETED_DEVICE_FAMILY = "1,2";
				TEST_TARGET_NAME = Entertainment;
			};
			name = Debug;
		};
		4766BC0E22FE723E0018DC8A /* Release */ = {
			isa = XCBuildConfiguration;
			buildSettings = {
				ALWAYS_EMBED_SWIFT_STANDARD_LIBRARIES = YES;
				CODE_SIGN_STYLE = Automatic;
				DEVELOPMENT_TEAM = 2BD64E97B6;
				INFOPLIST_FILE = EntertainmentUITests/Info.plist;
				LD_RUNPATH_SEARCH_PATHS = (
					"$(inherited)",
					"@executable_path/Frameworks",
					"@loader_path/Frameworks",
				);
				PRODUCT_BUNDLE_IDENTIFIER = mateo.EntertainmentUITests;
				PRODUCT_NAME = "$(TARGET_NAME)";
				SWIFT_VERSION = 4.2;
				TARGETED_DEVICE_FAMILY = "1,2";
				TEST_TARGET_NAME = Entertainment;
			};
			name = Release;
		};
/* End XCBuildConfiguration section */

/* Begin XCConfigurationList section */
		4766BBD622FE723C0018DC8A /* Build configuration list for PBXProject "Entertainment" */ = {
			isa = XCConfigurationList;
			buildConfigurations = (
				4766BC0422FE723E0018DC8A /* Debug */,
				4766BC0522FE723E0018DC8A /* Release */,
			);
			defaultConfigurationIsVisible = 0;
			defaultConfigurationName = Release;
		};
		4766BC0622FE723E0018DC8A /* Build configuration list for PBXNativeTarget "Entertainment" */ = {
			isa = XCConfigurationList;
			buildConfigurations = (
				4766BC0722FE723E0018DC8A /* Debug */,
				4766BC0822FE723E0018DC8A /* Release */,
			);
			defaultConfigurationIsVisible = 0;
			defaultConfigurationName = Release;
		};
		4766BC0922FE723E0018DC8A /* Build configuration list for PBXNativeTarget "EntertainmentTests" */ = {
			isa = XCConfigurationList;
			buildConfigurations = (
				4766BC0A22FE723E0018DC8A /* Debug */,
				4766BC0B22FE723E0018DC8A /* Release */,
			);
			defaultConfigurationIsVisible = 0;
			defaultConfigurationName = Release;
		};
		4766BC0C22FE723E0018DC8A /* Build configuration list for PBXNativeTarget "EntertainmentUITests" */ = {
			isa = XCConfigurationList;
			buildConfigurations = (
				4766BC0D22FE723E0018DC8A /* Debug */,
				4766BC0E22FE723E0018DC8A /* Release */,
			);
			defaultConfigurationIsVisible = 0;
			defaultConfigurationName = Release;
		};
/* End XCConfigurationList section */

/* Begin XCVersionGroup section */
		4766BBE522FE723D0018DC8A /* Entertainment.xcdatamodeld */ = {
			isa = XCVersionGroup;
			children = (
				4766BBE622FE723D0018DC8A /* Entertainment.xcdatamodel */,
			);
			currentVersion = 4766BBE622FE723D0018DC8A /* Entertainment.xcdatamodel */;
			path = Entertainment.xcdatamodeld;
			sourceTree = "<group>";
			versionGroupType = wrapper.xcdatamodel;
		};
/* End XCVersionGroup section */
	};
	rootObject = 4766BBD322FE723C0018DC8A /* Project object */;
}
